
Microsoft Visual Studio Solution File, Format Version 12.00
# Visual Studio 15
VisualStudioVersion = 15.0.28010.2026
MinimumVisualStudioVersion = 10.0.40219.1
Project("{FAE04EC0-301F-11D3-BF4B-00C04F79EFBC}") = "UIA", "UIA\UIA.csproj", "{1A9CA7B9-4799-4F59-90FE-3222C0B2097E}"
EndProject
Global
	GlobalSection(SolutionConfigurationPlatforms) = preSolution
		Debug|Any CPU = Debug|Any CPU
		Release|Any CPU = Release|Any CPU
	EndGlobalSection
	GlobalSection(ProjectConfigurationPlatforms) = postSolution
		{1A9CA7B9-4799-4F59-90FE-3222C0B2097E}.Debug|Any CPU.ActiveCfg = Debug|Any CPU
		{1A9CA7B9-4799-4F59-90FE-3222C0B2097E}.Debug|Any CPU.Build.0 = Debug|Any CPU
		{1A9CA7B9-4799-4F59-90FE-3222C0B2097E}.Release|Any CPU.ActiveCfg = Release|Any CPU
		{1A9CA7B9-4799-4F59-90FE-3222C0B2097E}.Release|Any CPU.Build.0 = Release|Any CPU
	EndGlobalSection
	GlobalSection(SolutionProperties) = preSolution
		HideSolutionNode = FALSE
	EndGlobalSection
	GlobalSection(ExtensibilityGlobals) = postSolution
		SolutionGuid = {30F3FE93-19EA-4BE4-9C82-3282FA940F06}
	EndGlobalSection
EndGlobal
